
Microsoft Visual Studio Solution File, Format Version 12.00
# Visual Studio Version 16
VisualStudioVersion = 16.0.30104.148
MinimumVisualStudioVersion = 10.0.40219.1
Project("{FAE04EC0-301F-11D3-BF4B-00C04F79EFBC}") = "CervusDama.Web", "CervusDama.Web\CervusDama.Web.csproj", "{D15E20FA-15CD-4E4A-8CFD-C49DFFB86C5B}"
EndProject
Project("{FAE04EC0-301F-11D3-BF4B-00C04F79EFBC}") = "CervusDama.Admin", "CervusDama.Admin\CervusDama.Admin.csproj", "{A3746AC8-A56C-432D-9C31-7936266FA241}"
EndProject
Project("{FAE04EC0-301F-11D3-BF4B-00C04F79EFBC}") = "CervusDama.Data", "CervusDama.Data\CervusDama.Data.csproj", "{68964C72-490E-4873-8F33-2C13E4CB0882}"
EndProject
Project("{FAE04EC0-301F-11D3-BF4B-00C04F79EFBC}") = "CervusDama.Utility", "CervusDama.Utility\CervusDama.Utility.csproj", "{73F218E2-7F5E-4984-8C41-6735E23FAE80}"
EndProject
Project("{FAE04EC0-301F-11D3-BF4B-00C04F79EFBC}") = "CervusDama.Data.Model", "CervusDama.Data.Model\CervusDama.Data.Model.csproj", "{C4198E0F-911A-4384-9360-291B13881C5A}"
EndProject
Project("{FAE04EC0-301F-11D3-BF4B-00C04F79EFBC}") = "CervusDama.Authorization", "CervusDama.Authorization\CervusDama.Authorization.csproj", "{77EE96FE-BF92-4C93-AC61-43FA6121ACA5}"
EndProject
Global
	GlobalSection(SolutionConfigurationPlatforms) = preSolution
		Debug|Any CPU = Debug|Any CPU
		Release|Any CPU = Release|Any CPU
	EndGlobalSection
	GlobalSection(ProjectConfigurationPlatforms) = postSolution
		{D15E20FA-15CD-4E4A-8CFD-C49DFFB86C5B}.Debug|Any CPU.ActiveCfg = Debug|Any CPU
		{D15E20FA-15CD-4E4A-8CFD-C49DFFB86C5B}.Debug|Any CPU.Build.0 = Debug|Any CPU
		{D15E20FA-15CD-4E4A-8CFD-C49DFFB86C5B}.Release|Any CPU.ActiveCfg = Release|Any CPU
		{D15E20FA-15CD-4E4A-8CFD-C49DFFB86C5B}.Release|Any CPU.Build.0 = Release|Any CPU
		{A3746AC8-A56C-432D-9C31-7936266FA241}.Debug|Any CPU.ActiveCfg = Debug|Any CPU
		{A3746AC8-A56C-432D-9C31-7936266FA241}.Debug|Any CPU.Build.0 = Debug|Any CPU
		{A3746AC8-A56C-432D-9C31-7936266FA241}.Release|Any CPU.ActiveCfg = Release|Any CPU
		{A3746AC8-A56C-432D-9C31-7936266FA241}.Release|Any CPU.Build.0 = Release|Any CPU
		{68964C72-490E-4873-8F33-2C13E4CB0882}.Debug|Any CPU.ActiveCfg = Debug|Any CPU
		{68964C72-490E-4873-8F33-2C13E4CB0882}.Debug|Any CPU.Build.0 = Debug|Any CPU
		{68964C72-490E-4873-8F33-2C13E4CB0882}.Release|Any CPU.ActiveCfg = Release|Any CPU
		{68964C72-490E-4873-8F33-2C13E4CB0882}.Release|Any CPU.Build.0 = Release|Any CPU
		{73F218E2-7F5E-4984-8C41-6735E23FAE80}.Debug|Any CPU.ActiveCfg = Debug|Any CPU
		{73F218E2-7F5E-4984-8C41-6735E23FAE80}.Debug|Any CPU.Build.0 = Debug|Any CPU
		{73F218E2-7F5E-4984-8C41-6735E23FAE80}.Release|Any CPU.ActiveCfg = Release|Any CPU
		{73F218E2-7F5E-4984-8C41-6735E23FAE80}.Release|Any CPU.Build.0 = Release|Any CPU
		{C4198E0F-911A-4384-9360-291B13881C5A}.Debug|Any CPU.ActiveCfg = Debug|Any CPU
		{C4198E0F-911A-4384-9360-291B13881C5A}.Debug|Any CPU.Build.0 = Debug|Any CPU
		{C4198E0F-911A-4384-9360-291B13881C5A}.Release|Any CPU.ActiveCfg = Release|Any CPU
		{C4198E0F-911A-4384-9360-291B13881C5A}.Release|Any CPU.Build.0 = Release|Any CPU
		{77EE96FE-BF92-4C93-AC61-43FA6121ACA5}.Debug|Any CPU.ActiveCfg = Debug|Any CPU
		{77EE96FE-BF92-4C93-AC61-43FA6121ACA5}.Debug|Any CPU.Build.0 = Debug|Any CPU
		{77EE96FE-BF92-4C93-AC61-43FA6121ACA5}.Release|Any CPU.ActiveCfg = Release|Any CPU
		{77EE96FE-BF92-4C93-AC61-43FA6121ACA5}.Release|Any CPU.Build.0 = Release|Any CPU
	EndGlobalSection
	GlobalSection(SolutionProperties) = preSolution
		HideSolutionNode = FALSE
	EndGlobalSection
	GlobalSection(ExtensibilityGlobals) = postSolution
		SolutionGuid = {54E72D1A-7DBC-40A5-8D72-94A140D2A3F7}
	EndGlobalSection
	GlobalSection(TeamFoundationVersionControl) = preSolution
		SccNumberOfProjects = 7
		SccEnterpriseProvider = {4CA58AB2-18FA-4F8D-95D4-32DDF27D184C}
		SccTeamFoundationServer = https://cahoo.visualstudio.com/
		SccLocalPath0 = .
		SccProjectUniqueName1 = CervusDama.Admin\\CervusDama.Admin.csproj
		SccProjectName1 = CervusDama.Admin
		SccLocalPath1 = CervusDama.Admin
		SccProjectUniqueName2 = CervusDama.Data.Model\\CervusDama.Data.Model.csproj
		SccProjectName2 = CervusDama.Data.Model
		SccLocalPath2 = CervusDama.Data.Model
		SccProjectUniqueName3 = CervusDama.Data\\CervusDama.Data.csproj
		SccProjectName3 = CervusDama.Data
		SccLocalPath3 = CervusDama.Data
		SccProjectUniqueName4 = CervusDama.Utility\\CervusDama.Utility.csproj
		SccProjectName4 = CervusDama.Utility
		SccLocalPath4 = CervusDama.Utility
		SccProjectUniqueName5 = CervusDama.Web\\CervusDama.Web.csproj
		SccProjectName5 = CervusDama.Web
		SccLocalPath5 = CervusDama.Web
		SccProjectUniqueName6 = CervusDama.Authorization\\CervusDama.Authorization.csproj
		SccProjectName6 = CervusDama.Authorization
		SccLocalPath6 = CervusDama.Authorization
	EndGlobalSection
EndGlobal
